
Microsoft Visual Studio Solution File, Format Version 12.00
# Visual Studio Version 17
VisualStudioVersion = 17.10.35027.167
MinimumVisualStudioVersion = 10.0.40219.1
Project("{FAE04EC0-301F-11D3-BF4B-00C04F79EFBC}") = "GerenciadorTarefas.API", "GerenciadorTarefas.API\GerenciadorTarefas.API.csproj", "{7CF30410-8DBD-41D9-B5CA-10953B158CCA}"
EndProject
Project("{FAE04EC0-301F-11D3-BF4B-00C04F79EFBC}") = "GerenciadorTarefas.Communication", "GerenciadorTarefas.Communication\GerenciadorTarefas.Communication.csproj", "{3A51710F-BDE9-4DCC-BC41-E1377E92B5EB}"
EndProject
Project("{FAE04EC0-301F-11D3-BF4B-00C04F79EFBC}") = "GerenciadorTarefas.Application", "GerenciadorTarefas.Application\GerenciadorTarefas.Application.csproj", "{0E428835-1D68-400C-ADA3-50E8BC19283C}"
EndProject
Global
	GlobalSection(SolutionConfigurationPlatforms) = preSolution
		Debug|Any CPU = Debug|Any CPU
		Release|Any CPU = Release|Any CPU
	EndGlobalSection
	GlobalSection(ProjectConfigurationPlatforms) = postSolution
		{7CF30410-8DBD-41D9-B5CA-10953B158CCA}.Debug|Any CPU.ActiveCfg = Debug|Any CPU
		{7CF30410-8DBD-41D9-B5CA-10953B158CCA}.Debug|Any CPU.Build.0 = Debug|Any CPU
		{7CF30410-8DBD-41D9-B5CA-10953B158CCA}.Release|Any CPU.ActiveCfg = Release|Any CPU
		{7CF30410-8DBD-41D9-B5CA-10953B158CCA}.Release|Any CPU.Build.0 = Release|Any CPU
		{3A51710F-BDE9-4DCC-BC41-E1377E92B5EB}.Debug|Any CPU.ActiveCfg = Debug|Any CPU
		{3A51710F-BDE9-4DCC-BC41-E1377E92B5EB}.Debug|Any CPU.Build.0 = Debug|Any CPU
		{3A51710F-BDE9-4DCC-BC41-E1377E92B5EB}.Release|Any CPU.ActiveCfg = Release|Any CPU
		{3A51710F-BDE9-4DCC-BC41-E1377E92B5EB}.Release|Any CPU.Build.0 = Release|Any CPU
		{0E428835-1D68-400C-ADA3-50E8BC19283C}.Debug|Any CPU.ActiveCfg = Debug|Any CPU
		{0E428835-1D68-400C-ADA3-50E8BC19283C}.Debug|Any CPU.Build.0 = Debug|Any CPU
		{0E428835-1D68-400C-ADA3-50E8BC19283C}.Release|Any CPU.ActiveCfg = Release|Any CPU
		{0E428835-1D68-400C-ADA3-50E8BC19283C}.Release|Any CPU.Build.0 = Release|Any CPU
	EndGlobalSection
	GlobalSection(SolutionProperties) = preSolution
		HideSolutionNode = FALSE
	EndGlobalSection
	GlobalSection(ExtensibilityGlobals) = postSolution
		SolutionGuid = {A6A86B64-4D34-4454-B08E-42EACB0F03F8}
	EndGlobalSection
EndGlobal
